<?xml version="1.0" encoding="utf-8"?>
<Project ToolsVersion="4.0" xmlns="http://schemas.microsoft.com/developer/msbuild/2003">
  <ItemGroup>
    <ClCompile Include="DialogHook.cpp" />
    <ClCompile Include="DllExport.cpp" />
    <ClCompile Include="dllmain.cpp" />
    <ClCompile Include="DOpus.cpp" />
    <ClCompile Include="Everything.cpp" />
    <ClCompile Include="HelperMethods.cpp" />
    <ClCompile Include="Shell32.cpp" />
    <ClCompile Include="stdafx.cpp" />
  </ItemGroup>
  <ItemGroup>
    <ClInclude Include="DialogHook.h" />
    <ClInclude Include="DOpus.h" />
    <ClInclude Include="Everything.h" />
    <ClInclude Include="HelperMethods.h" />
    <ClInclude Include="rapidxml.hpp" />
    <ClInclude Include="Shell32.h" />
    <ClInclude Include="stdafx.h" />
    <ClInclude Include="targetver.h" />
  </ItemGroup>
</Project>